
Microsoft Visual Studio Solution File, Format Version 12.00
# Visual Studio 15
VisualStudioVersion = 15.0.26730.12
MinimumVisualStudioVersion = 10.0.40219.1
Project("{FAE04EC0-301F-11D3-BF4B-00C04F79EFBC}") = "Shop", "Shop\Shop.csproj", "{9D3A5455-D023-48EF-98D8-0C9BB360B720}"
EndProject
Global
	GlobalSection(SolutionConfigurationPlatforms) = preSolution
		Debug|Any CPU = Debug|Any CPU
		Release|Any CPU = Release|Any CPU
	EndGlobalSection
	GlobalSection(ProjectConfigurationPlatforms) = postSolution
		{9D3A5455-D023-48EF-98D8-0C9BB360B720}.Debug|Any CPU.ActiveCfg = Debug|Any CPU
		{9D3A5455-D023-48EF-98D8-0C9BB360B720}.Debug|Any CPU.Build.0 = Debug|Any CPU
		{9D3A5455-D023-48EF-98D8-0C9BB360B720}.Release|Any CPU.ActiveCfg = Release|Any CPU
		{9D3A5455-D023-48EF-98D8-0C9BB360B720}.Release|Any CPU.Build.0 = Release|Any CPU
	EndGlobalSection
	GlobalSection(SolutionProperties) = preSolution
		HideSolutionNode = FALSE
	EndGlobalSection
	GlobalSection(ExtensibilityGlobals) = postSolution
		SolutionGuid = {B97ADF0F-A5F7-4393-A7B9-CBF2B5D85790}
	EndGlobalSection
EndGlobal
